# THIS IS AN AUTOGENERATED FILE. DO NOT EDIT THIS FILE DIRECTLY.
# yarn lockfile v1


turborepo@^0.0.1:
  version "0.0.1"
  resolved "https://registry.yarnpkg.com/turborepo/-/turborepo-0.0.1.tgz#0f86976a6246108387777542ba7a585b1dcf4f94"
  integrity sha512-x+4Q9iy252nr6zuU/TvQIF4na8OVLe2pBTwTJKA/aTPzdR4W8q0uhEj/U69G09IznNDjMg8jXG2nm9gan4KQ1g==
